{
  "lockfile_version": "1",
  "packages": {
    "SDL2.dev": {
      "resolved": "github:NixOS/nixpkgs/75a52265bda7fd25e06e3a67dee3f0354e73243c#SDL2.dev",
      "source": "nixpkg"
    },
    "SDL2@latest": {
      "last_modified": "2024-05-22T06:18:38Z",
      "resolved": "github:NixOS/nixpkgs/3f316d2a50699a78afe5e77ca486ad553169061e#SDL2",
      "source": "devbox-search",
      "version": "2.30.2",
      "systems": {
        "aarch64-darwin": {
          "outputs": [
            {
              "name": "out",
              "path": "/nix/store/hhdjidmlsr1av5s87h19m6sqi5ak1qfb-SDL2-2.30.2",
              "default": true
            },
            {
              "name": "dev",
              "path": "/nix/store/05bfnk8kli4gn0yc5mgpy06lsal1da2n-SDL2-2.30.2-dev"
            }
          ],
          "store_path": "/nix/store/hhdjidmlsr1av5s87h19m6sqi5ak1qfb-SDL2-2.30.2"
        },
        "aarch64-linux": {
          "outputs": [
            {
              "name": "out",
              "path": "/nix/store/dy93ibsmnh6dnzgs9n2v2ikiblxh2lzp-SDL2-2.30.2",
              "default": true
            },
            {
              "name": "dev",
              "path": "/nix/store/rkchm3aaw4r0270gbgd6bhzjzqdvg7bf-SDL2-2.30.2-dev"
            }
          ],
          "store_path": "/nix/store/dy93ibsmnh6dnzgs9n2v2ikiblxh2lzp-SDL2-2.30.2"
        },
        "x86_64-darwin": {
          "outputs": [
            {
              "name": "out",
              "path": "/nix/store/bdzb4sp8nvbghpdr43ar5zy4gac69ww6-SDL2-2.30.2",
              "default": true
            },
            {
              "name": "dev",
              "path": "/nix/store/6wi6qyf5lnsf8xhrkx5cdkriyqzw1f7s-SDL2-2.30.2-dev"
            }
          ],
          "store_path": "/nix/store/bdzb4sp8nvbghpdr43ar5zy4gac69ww6-SDL2-2.30.2"
        },
        "x86_64-linux": {
          "outputs": [
            {
              "name": "out",
              "path": "/nix/store/2i2csri2c0kgp19f4jzv2f04ml6pg8y1-SDL2-2.30.2",
              "default": true
            },
            {
              "name": "dev",
              "path": "/nix/store/c3y2vkisgs30vbib1jg4w14z2i22fnig-SDL2-2.30.2-dev"
            }
          ],
          "store_path": "/nix/store/2i2csri2c0kgp19f4jzv2f04ml6pg8y1-SDL2-2.30.2"
        }
      }
    },
    "circt@1.62.0": {
      "last_modified": "2024-01-19T20:59:21Z",
      "resolved": "github:NixOS/nixpkgs/e5d1c87f5813afde2dda384ac807c57a105721cc#circt",
      "source": "devbox-search",
      "version": "1.62.0",
      "systems": {
        "aarch64-darwin": {
          "outputs": [
            {
              "name": "out",
              "path": "/nix/store/mdffkhc2cd1zzw2snvrn8rfxy3k0mdgk-circt-1.62.0",
              "default": true
            },
            {
              "name": "dev",
              "path": "/nix/store/5jb4p7860q25fkzclnlfml19m0wh7r0x-circt-1.62.0-dev"
            },
            {
              "name": "lib",
              "path": "/nix/store/liwnggvjg6awdxmlw6gcy7y6r1whxmah-circt-1.62.0-lib"
            }
          ],
          "store_path": "/nix/store/mdffkhc2cd1zzw2snvrn8rfxy3k0mdgk-circt-1.62.0"
        },
        "aarch64-linux": {
          "outputs": [
            {
              "name": "out",
              "path": "/nix/store/8hyqsf6fdhw6x8122pkghda7qd61n153-circt-1.62.0",
              "default": true
            },
            {
              "name": "dev",
              "path": "/nix/store/i5wbhn3bwi9vww5qnd5710anriv2wfbq-circt-1.62.0-dev"
            },
            {
              "name": "lib",
              "path": "/nix/store/7yhc77qn1f68i1jf6a5s24d9zkwlxg2n-circt-1.62.0-lib"
            }
          ],
          "store_path": "/nix/store/8hyqsf6fdhw6x8122pkghda7qd61n153-circt-1.62.0"
        },
        "x86_64-darwin": {
          "outputs": [
            {
              "name": "out",
              "path": "/nix/store/7krax024zj5g7447fs9f0yfvkbp51mar-circt-1.62.0",
              "default": true
            },
            {
              "name": "lib",
              "path": "/nix/store/kdvagj0pp60axxhpd8hb8jcmx002yrpd-circt-1.62.0-lib"
            },
            {
              "name": "dev",
              "path": "/nix/store/w09ryvinj0kf8g9m0ry5s92gpb2prcrp-circt-1.62.0-dev"
            }
          ],
          "store_path": "/nix/store/7krax024zj5g7447fs9f0yfvkbp51mar-circt-1.62.0"
        },
        "x86_64-linux": {
          "outputs": [
            {
              "name": "out",
              "path": "/nix/store/48hdp9c1nwxxarprqc4axyk8x3ybdhk1-circt-1.62.0",
              "default": true
            },
            {
              "name": "dev",
              "path": "/nix/store/nyax32954cfji28r37jaljdr0wfivp95-circt-1.62.0-dev"
            },
            {
              "name": "lib",
              "path": "/nix/store/1cakhvp3yd98qbv7b7xca3b7abxg96d4-circt-1.62.0-lib"
            }
          ],
          "store_path": "/nix/store/48hdp9c1nwxxarprqc4axyk8x3ybdhk1-circt-1.62.0"
        }
      }
    },
    "cmake@latest": {
      "last_modified": "2024-05-22T06:18:38Z",
      "resolved": "github:NixOS/nixpkgs/3f316d2a50699a78afe5e77ca486ad553169061e#cmake",
      "source": "devbox-search",
      "version": "3.29.2",
      "systems": {
        "aarch64-darwin": {
          "outputs": [
            {
              "name": "out",
              "path": "/nix/store/mjsdqwy2259jfys18h4n2hz2wf46i5va-cmake-3.29.2",
              "default": true
            }
          ],
          "store_path": "/nix/store/mjsdqwy2259jfys18h4n2hz2wf46i5va-cmake-3.29.2"
        },
        "aarch64-linux": {
          "outputs": [
            {
              "name": "out",
              "path": "/nix/store/0l4mzjvc0k2i0mjmfwynj6iaq0zbd98y-cmake-3.29.2",
              "default": true
            },
            {
              "name": "debug",
              "path": "/nix/store/hc06b2msm9wbz5wg5h57fzhidv2p51i4-cmake-3.29.2-debug"
            }
          ],
          "store_path": "/nix/store/0l4mzjvc0k2i0mjmfwynj6iaq0zbd98y-cmake-3.29.2"
        },
        "x86_64-darwin": {
          "outputs": [
            {
              "name": "out",
              "path": "/nix/store/ci05wpr9gk1mihgbp3dxj9lnd69k0m6z-cmake-3.29.2",
              "default": true
            }
          ],
          "store_path": "/nix/store/ci05wpr9gk1mihgbp3dxj9lnd69k0m6z-cmake-3.29.2"
        },
        "x86_64-linux": {
          "outputs": [
            {
              "name": "out",
              "path": "/nix/store/q1nssraba326p2kp6627hldd2bhg254c-cmake-3.29.2",
              "default": true
            },
            {
              "name": "debug",
              "path": "/nix/store/01qzhw8554i60r2s83p1d6bbgayzwpql-cmake-3.29.2-debug"
            }
          ],
          "store_path": "/nix/store/q1nssraba326p2kp6627hldd2bhg254c-cmake-3.29.2"
        }
      }
    },
    "espresso@latest": {
      "last_modified": "2024-05-22T06:18:38Z",
      "resolved": "github:NixOS/nixpkgs/3f316d2a50699a78afe5e77ca486ad553169061e#espresso",
      "source": "devbox-search",
      "version": "2.4",
      "systems": {
        "aarch64-darwin": {
          "outputs": [
            {
              "name": "out",
              "path": "/nix/store/cl1x5gi76n1wcafndg9f9fixs86jaygb-espresso-2.4",
              "default": true
            },
            {
              "name": "man",
              "path": "/nix/store/hflrsadlyr3nc5xykpn819lc2694kkxq-espresso-2.4-man",
              "default": true
            }
          ],
          "store_path": "/nix/store/cl1x5gi76n1wcafndg9f9fixs86jaygb-espresso-2.4"
        },
        "aarch64-linux": {
          "outputs": [
            {
              "name": "out",
              "path": "/nix/store/h69izl0nd74n5z7qxzdfd1bb79507mli-espresso-2.4",
              "default": true
            },
            {
              "name": "man",
              "path": "/nix/store/9gdw53lmwyqsvgxc6hfi0ah7ls0gnabn-espresso-2.4-man",
              "default": true
            }
          ],
          "store_path": "/nix/store/h69izl0nd74n5z7qxzdfd1bb79507mli-espresso-2.4"
        },
        "x86_64-darwin": {
          "outputs": [
            {
              "name": "out",
              "path": "/nix/store/imkl6dddwyvxy8z7w6h4fq0sgnp84szn-espresso-2.4",
              "default": true
            },
            {
              "name": "man",
              "path": "/nix/store/jmxkb6jlcvbn2fgf829wg9ja12pq6l3g-espresso-2.4-man",
              "default": true
            }
          ],
          "store_path": "/nix/store/imkl6dddwyvxy8z7w6h4fq0sgnp84szn-espresso-2.4"
        },
        "x86_64-linux": {
          "outputs": [
            {
              "name": "out",
              "path": "/nix/store/6wqkdfqqxa774r8plxkq7ycl9jn10bjw-espresso-2.4",
              "default": true
            },
            {
              "name": "man",
              "path": "/nix/store/mx0h8mxr84c8arch8fzkkbws9zxnpcbz-espresso-2.4-man",
              "default": true
            }
          ],
          "store_path": "/nix/store/6wqkdfqqxa774r8plxkq7ycl9jn10bjw-espresso-2.4"
        }
      }
    },
    "fish@latest": {
      "last_modified": "2024-05-24T22:06:51Z",
      "resolved": "github:NixOS/nixpkgs/1a9df4f74273f90d04e621e8516777efcec2802a#fish",
      "source": "devbox-search",
      "version": "3.7.1",
      "systems": {
        "aarch64-darwin": {
          "outputs": [
            {
              "name": "out",
              "path": "/nix/store/s9ml3m0zvrn5d3ynjcvzx3f7hjy6nlbn-fish-3.7.1",
              "default": true
            },
            {
              "name": "doc",
              "path": "/nix/store/ihmsnipj1ij8nyh1fq67rw1xy1arf1lk-fish-3.7.1-doc"
            }
          ],
          "store_path": "/nix/store/s9ml3m0zvrn5d3ynjcvzx3f7hjy6nlbn-fish-3.7.1"
        },
        "aarch64-linux": {
          "outputs": [
            {
              "name": "out",
              "path": "/nix/store/l6srx6i6b4rcqj0csngkj5gfcfl151sz-fish-3.7.1",
              "default": true
            },
            {
              "name": "doc",
              "path": "/nix/store/fvkw66kag9i7adfcrizzpzl39cm8z7x5-fish-3.7.1-doc"
            }
          ],
          "store_path": "/nix/store/l6srx6i6b4rcqj0csngkj5gfcfl151sz-fish-3.7.1"
        },
        "x86_64-darwin": {
          "outputs": [
            {
              "name": "out",
              "path": "/nix/store/lfa5bn829h81f4iazzl2wpjw0hpylcjc-fish-3.7.1",
              "default": true
            },
            {
              "name": "doc",
              "path": "/nix/store/75m0vm20livdbzh466nkldwpxcy4z2gc-fish-3.7.1-doc"
            }
          ],
          "store_path": "/nix/store/lfa5bn829h81f4iazzl2wpjw0hpylcjc-fish-3.7.1"
        },
        "x86_64-linux": {
          "outputs": [
            {
              "name": "out",
              "path": "/nix/store/vmzchllkdmf08786vg63kjdz5vnwh8bf-fish-3.7.1",
              "default": true
            },
            {
              "name": "doc",
              "path": "/nix/store/af1wnpabkxm2js7k2v474xk5lbgswpvv-fish-3.7.1-doc"
            }
          ],
          "store_path": "/nix/store/vmzchllkdmf08786vg63kjdz5vnwh8bf-fish-3.7.1"
        }
      }
    },
    "gnumake@latest": {
      "last_modified": "2024-05-22T06:18:38Z",
      "resolved": "github:NixOS/nixpkgs/3f316d2a50699a78afe5e77ca486ad553169061e#gnumake",
      "source": "devbox-search",
      "version": "4.4.1",
      "systems": {
        "aarch64-darwin": {
          "outputs": [
            {
              "name": "out",
              "path": "/nix/store/ka4fg0rm5hmaji7vwnvzk4qg4dhksg7v-gnumake-4.4.1",
              "default": true
            },
            {
              "name": "man",
              "path": "/nix/store/a2hmprcsm0ipakq0yz2r7h6daqhcz445-gnumake-4.4.1-man",
              "default": true
            },
            {
              "name": "info",
              "path": "/nix/store/8hbz6gxh8vgchyg9z7jbmyaw0hv6y539-gnumake-4.4.1-info"
            }
          ],
          "store_path": "/nix/store/ka4fg0rm5hmaji7vwnvzk4qg4dhksg7v-gnumake-4.4.1"
        },
        "aarch64-linux": {
          "outputs": [
            {
              "name": "out",
              "path": "/nix/store/iwq1ln8bq25bgvmkjlk65cnclijrhw5z-gnumake-4.4.1",
              "default": true
            },
            {
              "name": "man",
              "path": "/nix/store/yvvypigpwqbhyx5lff26nbskwgdr4nvv-gnumake-4.4.1-man",
              "default": true
            },
            {
              "name": "debug",
              "path": "/nix/store/lkfj5vraqq622jyrh4x2jj0kgn86a01l-gnumake-4.4.1-debug"
            },
            {
              "name": "info",
              "path": "/nix/store/yg3xvpd69y89ca1mvv7mf3y5vb3zyhqn-gnumake-4.4.1-info"
            }
          ],
          "store_path": "/nix/store/iwq1ln8bq25bgvmkjlk65cnclijrhw5z-gnumake-4.4.1"
        },
        "x86_64-darwin": {
          "outputs": [
            {
              "name": "out",
              "path": "/nix/store/s75wgqmhf2hspdx1n99g7nc035npfyr0-gnumake-4.4.1",
              "default": true
            },
            {
              "name": "man",
              "path": "/nix/store/g4cymnx5yzingpj655479ar237z1nyhp-gnumake-4.4.1-man",
              "default": true
            },
            {
              "name": "info",
              "path": "/nix/store/d6phnzw389kgq96ip647qgc68v2ihkva-gnumake-4.4.1-info"
            }
          ],
          "store_path": "/nix/store/s75wgqmhf2hspdx1n99g7nc035npfyr0-gnumake-4.4.1"
        },
        "x86_64-linux": {
          "outputs": [
            {
              "name": "out",
              "path": "/nix/store/y9mnxlhj1hda3b75j0hbx80gqfaysvfh-gnumake-4.4.1",
              "default": true
            },
            {
              "name": "man",
              "path": "/nix/store/5njqh28sz9i18bklrcxf6lfd91pwi8p7-gnumake-4.4.1-man",
              "default": true
            },
            {
              "name": "debug",
              "path": "/nix/store/gl5bk8d2s02nmml60a79d79nckg3a4p4-gnumake-4.4.1-debug"
            },
            {
              "name": "info",
              "path": "/nix/store/c2cfw4ry3hbf5c7njz5l0931hbliizb8-gnumake-4.4.1-info"
            }
          ],
          "store_path": "/nix/store/y9mnxlhj1hda3b75j0hbx80gqfaysvfh-gnumake-4.4.1"
        }
      }
    },
    "just@latest": {
      "last_modified": "2024-07-20T00:34:32Z",
      "resolved": "github:NixOS/nixpkgs/2d65995365a2a6b05db69e344d3b673c8d541bcd#just",
      "source": "devbox-search",
      "version": "1.32.0",
      "systems": {
        "aarch64-darwin": {
          "outputs": [
            {
              "name": "out",
              "path": "/nix/store/ccckanc6vcj095h84hsp92f4kgjiblpj-just-1.32.0",
              "default": true
            },
            {
              "name": "man",
              "path": "/nix/store/vwpr0r66zc2ysz5cf4iyr345k7mv56dr-just-1.32.0-man",
              "default": true
            },
            {
              "name": "doc",
              "path": "/nix/store/68rrkw55rpi9xkz0g8gi3j5b38vakp99-just-1.32.0-doc"
            }
          ],
          "store_path": "/nix/store/ccckanc6vcj095h84hsp92f4kgjiblpj-just-1.32.0"
        },
        "aarch64-linux": {
          "outputs": [
            {
              "name": "out",
              "path": "/nix/store/hk5ijln6kcl3xh7icg46wwd6blfiaxay-just-1.32.0",
              "default": true
            },
            {
              "name": "man",
              "path": "/nix/store/3hp5qcj8h23ibdrkzi3swg995bzbqxvc-just-1.32.0-man",
              "default": true
            },
            {
              "name": "doc",
              "path": "/nix/store/kqpkqgbf1pnc85gmw4c4lp4ayxqf1ly9-just-1.32.0-doc"
            }
          ],
          "store_path": "/nix/store/hk5ijln6kcl3xh7icg46wwd6blfiaxay-just-1.32.0"
        },
        "x86_64-darwin": {
          "outputs": [
            {
              "name": "out",
              "path": "/nix/store/w1634ijbj4d316gadgqp480sydksdani-just-1.32.0",
              "default": true
            },
            {
              "name": "man",
              "path": "/nix/store/ibz4bz1fgi5y5kxawjd4l0bi8v6i2rnx-just-1.32.0-man",
              "default": true
            },
            {
              "name": "doc",
              "path": "/nix/store/3bfig0wi3xcnk7ilz031fpi09q361ryr-just-1.32.0-doc"
            }
          ],
          "store_path": "/nix/store/w1634ijbj4d316gadgqp480sydksdani-just-1.32.0"
        },
        "x86_64-linux": {
          "outputs": [
            {
              "name": "out",
              "path": "/nix/store/1c8zwhwzvrv0m875aq99di6a0hf2h75i-just-1.32.0",
              "default": true
            },
            {
              "name": "man",
              "path": "/nix/store/13aywilvzdwi1hsiq9l8q9k50jdlmk19-just-1.32.0-man",
              "default": true
            },
            {
              "name": "doc",
              "path": "/nix/store/rwj93jl9zig132pfq3w5scnacxdf961j-just-1.32.0-doc"
            }
          ],
          "store_path": "/nix/store/1c8zwhwzvrv0m875aq99di6a0hf2h75i-just-1.32.0"
        }
      }
    },
    "neovim@latest": {
      "last_modified": "2024-05-24T22:06:51Z",
      "resolved": "github:NixOS/nixpkgs/1a9df4f74273f90d04e621e8516777efcec2802a#neovim",
      "source": "devbox-search",
      "version": "0.10.0",
      "systems": {
        "aarch64-darwin": {
          "outputs": [
            {
              "name": "out",
              "path": "/nix/store/64bn8ps18dpwb6g0pmiwgfq619mlzglm-neovim-0.10.0",
              "default": true
            }
          ],
          "store_path": "/nix/store/64bn8ps18dpwb6g0pmiwgfq619mlzglm-neovim-0.10.0"
        },
        "aarch64-linux": {
          "outputs": [
            {
              "name": "out",
              "path": "/nix/store/nrwim7xzajfc3w1l9nahwshir6hcq7im-neovim-0.10.0",
              "default": true
            }
          ],
          "store_path": "/nix/store/nrwim7xzajfc3w1l9nahwshir6hcq7im-neovim-0.10.0"
        },
        "x86_64-darwin": {
          "outputs": [
            {
              "name": "out",
              "path": "/nix/store/7wi6j05kpzcs90g9g10s5r9dnr8l83a7-neovim-0.10.0",
              "default": true
            }
          ],
          "store_path": "/nix/store/7wi6j05kpzcs90g9g10s5r9dnr8l83a7-neovim-0.10.0"
        },
        "x86_64-linux": {
          "outputs": [
            {
              "name": "out",
              "path": "/nix/store/m9nqvj3xqqrzanpg9g2awkh8rc987qq6-neovim-0.10.0",
              "default": true
            }
          ],
          "store_path": "/nix/store/m9nqvj3xqqrzanpg9g2awkh8rc987qq6-neovim-0.10.0"
        }
      }
    },
    "python@3.10": {
      "last_modified": "2024-05-22T06:18:38Z",
      "plugin_version": "0.0.3",
      "resolved": "github:NixOS/nixpkgs/3f316d2a50699a78afe5e77ca486ad553169061e#python310",
      "source": "devbox-search",
      "version": "3.10.14",
      "systems": {
        "aarch64-darwin": {
          "outputs": [
            {
              "name": "out",
              "path": "/nix/store/3diglh51dp3wbayycz40wixk145i03w2-python3-3.10.14",
              "default": true
            }
          ],
          "store_path": "/nix/store/3diglh51dp3wbayycz40wixk145i03w2-python3-3.10.14"
        },
        "aarch64-linux": {
          "outputs": [
            {
              "name": "out",
              "path": "/nix/store/m3d2y2pqjnn9rr52v99ivm39mvpgmhd6-python3-3.10.14",
              "default": true
            },
            {
              "name": "debug",
              "path": "/nix/store/5gzp880sx2rj2v7azhrn6whyrhxbh54b-python3-3.10.14-debug"
            }
          ],
          "store_path": "/nix/store/m3d2y2pqjnn9rr52v99ivm39mvpgmhd6-python3-3.10.14"
        },
        "x86_64-darwin": {
          "outputs": [
            {
              "name": "out",
              "path": "/nix/store/j85wns02zypnkwwrn2a1sw9msffxlj5i-python3-3.10.14",
              "default": true
            }
          ],
          "store_path": "/nix/store/j85wns02zypnkwwrn2a1sw9msffxlj5i-python3-3.10.14"
        },
        "x86_64-linux": {
          "outputs": [
            {
              "name": "out",
              "path": "/nix/store/hg8z7jqs9pwg114dh6s34iqrv5aswmrw-python3-3.10.14",
              "default": true
            },
            {
              "name": "debug",
              "path": "/nix/store/vshw3zy7dbfpw7g6k6z8f4pmmhfkvs42-python3-3.10.14-debug"
            }
          ],
          "store_path": "/nix/store/hg8z7jqs9pwg114dh6s34iqrv5aswmrw-python3-3.10.14"
        }
      }
    },
    "unzip@latest": {
      "last_modified": "2024-05-22T06:18:38Z",
      "resolved": "github:NixOS/nixpkgs/3f316d2a50699a78afe5e77ca486ad553169061e#unzip",
      "source": "devbox-search",
      "version": "6.0",
      "systems": {
        "aarch64-darwin": {
          "outputs": [
            {
              "name": "out",
              "path": "/nix/store/k8cw7abh461d58c99gn55ap64kikxx43-unzip-6.0",
              "default": true
            }
          ],
          "store_path": "/nix/store/k8cw7abh461d58c99gn55ap64kikxx43-unzip-6.0"
        },
        "aarch64-linux": {
          "outputs": [
            {
              "name": "out",
              "path": "/nix/store/fd2vw1gnrva57kjanwv96rpy77w31xl6-unzip-6.0",
              "default": true
            }
          ],
          "store_path": "/nix/store/fd2vw1gnrva57kjanwv96rpy77w31xl6-unzip-6.0"
        },
        "x86_64-darwin": {
          "outputs": [
            {
              "name": "out",
              "path": "/nix/store/zb96hfw231x9wjmd6vf55il5nrjf6x43-unzip-6.0",
              "default": true
            }
          ],
          "store_path": "/nix/store/zb96hfw231x9wjmd6vf55il5nrjf6x43-unzip-6.0"
        },
        "x86_64-linux": {
          "outputs": [
            {
              "name": "out",
              "path": "/nix/store/c9ankq44wixyl11szsg2g6c2rs008ny8-unzip-6.0",
              "default": true
            }
          ],
          "store_path": "/nix/store/c9ankq44wixyl11szsg2g6c2rs008ny8-unzip-6.0"
        }
      }
    },
    "verilator@latest": {
      "last_modified": "2024-05-22T06:18:38Z",
      "resolved": "github:NixOS/nixpkgs/3f316d2a50699a78afe5e77ca486ad553169061e#verilator",
      "source": "devbox-search",
      "version": "5.022",
      "systems": {
        "aarch64-darwin": {
          "outputs": [
            {
              "name": "out",
              "path": "/nix/store/sfm9avyrg5z4cpbsrxaq1zaxfpyr7v7i-verilator-5.022",
              "default": true
            }
          ],
          "store_path": "/nix/store/sfm9avyrg5z4cpbsrxaq1zaxfpyr7v7i-verilator-5.022"
        },
        "aarch64-linux": {
          "outputs": [
            {
              "name": "out",
              "path": "/nix/store/gnmxh7a0yjrdfwql9hfnslxn7rrwrdvw-verilator-5.022",
              "default": true
            }
          ],
          "store_path": "/nix/store/gnmxh7a0yjrdfwql9hfnslxn7rrwrdvw-verilator-5.022"
        },
        "x86_64-darwin": {
          "outputs": [
            {
              "name": "out",
              "path": "/nix/store/6z2qmm3ivjqpwa1v7vk3f56l7cf58bg8-verilator-5.022",
              "default": true
            }
          ],
          "store_path": "/nix/store/6z2qmm3ivjqpwa1v7vk3f56l7cf58bg8-verilator-5.022"
        },
        "x86_64-linux": {
          "outputs": [
            {
              "name": "out",
              "path": "/nix/store/246pxz819a1v4myflqpgrfvmrjww5259-verilator-5.022",
              "default": true
            }
          ],
          "store_path": "/nix/store/246pxz819a1v4myflqpgrfvmrjww5259-verilator-5.022"
        }
      }
    },
    "xmake@latest": {
      "last_modified": "2024-05-24T22:06:51Z",
      "resolved": "github:NixOS/nixpkgs/1a9df4f74273f90d04e621e8516777efcec2802a#xmake",
      "source": "devbox-search",
      "version": "2.9.2",
      "systems": {
        "aarch64-linux": {
          "outputs": [
            {
              "name": "out",
              "path": "/nix/store/h86azglci7hkm3w3v8477hl63n3dznwk-xmake-2.9.2",
              "default": true
            }
          ],
          "store_path": "/nix/store/h86azglci7hkm3w3v8477hl63n3dznwk-xmake-2.9.2"
        },
        "x86_64-linux": {
          "outputs": [
            {
              "name": "out",
              "path": "/nix/store/k73chg2ns9a1bqzq2wbs6pikn7n2g8mr-xmake-2.9.2",
              "default": true
            }
          ],
          "store_path": "/nix/store/k73chg2ns9a1bqzq2wbs6pikn7n2g8mr-xmake-2.9.2"
        }
      }
    },
    "xz@latest": {
      "last_modified": "2024-05-29T00:04:48Z",
      "resolved": "github:NixOS/nixpkgs/6c25325ec30a566f5c0446ceee61ada081903872#xz",
      "source": "devbox-search",
      "version": "5.4.6",
      "systems": {
        "aarch64-darwin": {
          "outputs": [
            {
              "name": "bin",
              "path": "/nix/store/2g288xzj6lcccrnwr18z6jn0hima0p08-xz-5.4.6-bin",
              "default": true
            },
            {
              "name": "man",
              "path": "/nix/store/zh1dpdz5fg9xp4jnm6c20knnsxkfgqa5-xz-5.4.6-man",
              "default": true
            },
            {
              "name": "dev",
              "path": "/nix/store/44b0gfxsqww0vvbcw15wbm6kn2qfazig-xz-5.4.6-dev"
            },
            {
              "name": "doc",
              "path": "/nix/store/bazgafmcc90mwhdqvnyli11i38638ls7-xz-5.4.6-doc"
            },
            {
              "name": "out",
              "path": "/nix/store/mbpfrzcjf85l7adghgd21r36d06rx01r-xz-5.4.6"
            }
          ],
          "store_path": "/nix/store/2g288xzj6lcccrnwr18z6jn0hima0p08-xz-5.4.6-bin"
        },
        "aarch64-linux": {
          "outputs": [
            {
              "name": "bin",
              "path": "/nix/store/8l969253d0cvsfb5dbnvnk6xzl3w7i83-xz-5.4.6-bin",
              "default": true
            },
            {
              "name": "man",
              "path": "/nix/store/bw36723ch1q3ij7lz2m6yjcc5lqpphfd-xz-5.4.6-man",
              "default": true
            },
            {
              "name": "dev",
              "path": "/nix/store/30mbbp0xaziggvylj57f89c1ivylcj93-xz-5.4.6-dev"
            },
            {
              "name": "doc",
              "path": "/nix/store/6s4bm5441k7xmakcjg6gv5gr50krp85d-xz-5.4.6-doc"
            },
            {
              "name": "out",
              "path": "/nix/store/k0wiplr20nqdrk158vl4wzmy4cfx27w5-xz-5.4.6"
            }
          ],
          "store_path": "/nix/store/8l969253d0cvsfb5dbnvnk6xzl3w7i83-xz-5.4.6-bin"
        },
        "x86_64-darwin": {
          "outputs": [
            {
              "name": "bin",
              "path": "/nix/store/jry1rawnyw1phcv8y709vg1xaxbk0851-xz-5.4.6-bin",
              "default": true
            },
            {
              "name": "man",
              "path": "/nix/store/s3iwkl9bfmh413dbdbchvrymd8ga0n47-xz-5.4.6-man",
              "default": true
            },
            {
              "name": "dev",
              "path": "/nix/store/hv9mr6dvasy4jg8f3zcpnmmnrhcyfc1m-xz-5.4.6-dev"
            },
            {
              "name": "doc",
              "path": "/nix/store/im653873rhzldlhlpq4zxa7klbb4dpid-xz-5.4.6-doc"
            },
            {
              "name": "out",
              "path": "/nix/store/8gh82x4i7b46xyx3jq7pnfpvp7zkgvdi-xz-5.4.6"
            }
          ],
          "store_path": "/nix/store/jry1rawnyw1phcv8y709vg1xaxbk0851-xz-5.4.6-bin"
        },
        "x86_64-linux": {
          "outputs": [
            {
              "name": "bin",
              "path": "/nix/store/6i4xxaa812vsbli9jkq4mksdddrk27lw-xz-5.4.6-bin",
              "default": true
            },
            {
              "name": "man",
              "path": "/nix/store/md34c7dlzw94dkbkz5fkgchw37ply3cv-xz-5.4.6-man",
              "default": true
            },
            {
              "name": "out",
              "path": "/nix/store/lphbn1va4i43fj7f3m9xskf9y86khzf3-xz-5.4.6"
            },
            {
              "name": "dev",
              "path": "/nix/store/iwfarfldqql8cnhkcm5j9bhb4bbi5giy-xz-5.4.6-dev"
            },
            {
              "name": "doc",
              "path": "/nix/store/cn1lihppj9vc2rrnaiskscc7sfi5bpn2-xz-5.4.6-doc"
            }
          ],
          "store_path": "/nix/store/6i4xxaa812vsbli9jkq4mksdddrk27lw-xz-5.4.6-bin"
        }
      }
    },
    "zlib.dev": {
      "resolved": "github:NixOS/nixpkgs/75a52265bda7fd25e06e3a67dee3f0354e73243c#zlib.dev",
      "source": "nixpkg"
    },
    "zlib@latest": {
      "last_modified": "2024-07-05T12:16:31Z",
      "resolved": "github:NixOS/nixpkgs/4284c2b73c8bce4b46a6adf23e16d9e2ec8da4bb#zlib",
      "source": "devbox-search",
      "version": "1.3.1",
      "systems": {
        "aarch64-darwin": {
          "outputs": [
            {
              "name": "out",
              "path": "/nix/store/p6lh10p1i984zqfacn3kc9pn3nxsj44n-zlib-1.3.1",
              "default": true
            },
            {
              "name": "dev",
              "path": "/nix/store/d9s89ja62dqfswka75rn7minwmn8xi4d-zlib-1.3.1-dev"
            },
            {
              "name": "static",
              "path": "/nix/store/vx3195nyvrbazl321kgxgbggf5f0755p-zlib-1.3.1-static"
            }
          ],
          "store_path": "/nix/store/p6lh10p1i984zqfacn3kc9pn3nxsj44n-zlib-1.3.1"
        },
        "aarch64-linux": {
          "outputs": [
            {
              "name": "out",
              "path": "/nix/store/2qxcwya8zizcdmiwhpd7wvdxad5x5ygw-zlib-1.3.1",
              "default": true
            },
            {
              "name": "dev",
              "path": "/nix/store/4f32crjfmzlzknnaw52hdjqix94gd605-zlib-1.3.1-dev"
            },
            {
              "name": "static",
              "path": "/nix/store/hyzwxjamswz4lgpq18ak4yljp6gbi5jm-zlib-1.3.1-static"
            }
          ],
          "store_path": "/nix/store/2qxcwya8zizcdmiwhpd7wvdxad5x5ygw-zlib-1.3.1"
        },
        "x86_64-darwin": {
          "outputs": [
            {
              "name": "out",
              "path": "/nix/store/q3y1wy13nbni0nvckh3g9p38laq2ml2a-zlib-1.3.1",
              "default": true
            },
            {
              "name": "static",
              "path": "/nix/store/4fjwpih5f9n17ylfxdaipncv31ypjz2y-zlib-1.3.1-static"
            },
            {
              "name": "dev",
              "path": "/nix/store/xdpn7fs3bza5vcsx26wydgbcd3bi43i5-zlib-1.3.1-dev"
            }
          ],
          "store_path": "/nix/store/q3y1wy13nbni0nvckh3g9p38laq2ml2a-zlib-1.3.1"
        },
        "x86_64-linux": {
          "outputs": [
            {
              "name": "out",
              "path": "/nix/store/971g0fka30djkcww2ddpx7q66dr86c1q-zlib-1.3.1",
              "default": true
            },
            {
              "name": "static",
              "path": "/nix/store/1m61dvwq67a0swig8n83ckjyq4508k34-zlib-1.3.1-static"
            },
            {
              "name": "dev",
              "path": "/nix/store/dq03m14rqjvbz6pw42g555df4khh4bvr-zlib-1.3.1-dev"
            }
          ],
          "store_path": "/nix/store/971g0fka30djkcww2ddpx7q66dr86c1q-zlib-1.3.1"
        }
      }
    }
  }
}
