{
  "lockfile_version": "1",
  "packages": {
    "SDL2.dev": {
      "resolved": "github:NixOS/nixpkgs/75a52265bda7fd25e06e3a67dee3f0354e73243c#SDL2.dev",
      "source": "nixpkg",
      "systems": {
        "x86_64-linux": {
          "outputs": [
            {
              "name": "dev",
              "path": "/nix/store/mivm6y22x6dkbzbwjf0wgn8whx7y3znd-SDL2-2.28.3-dev",
              "default": true
            }
          ]
        }
      }
    },
    "SDL2@latest": {
      "last_modified": "2024-08-14T11:41:26Z",
      "resolved": "github:NixOS/nixpkgs/0cb2fd7c59fed0cd82ef858cbcbdb552b9a33465#SDL2",
      "source": "devbox-search",
      "version": "2.30.5",
      "systems": {
        "aarch64-darwin": {
          "outputs": [
            {
              "name": "out",
              "path": "/nix/store/3x7x9dcbp6ky2d8pz0m5ivwahzxn69d9-SDL2-2.30.5",
              "default": true
            },
            {
              "name": "dev",
              "path": "/nix/store/82nc3rd4nz6jg8i886pm0dbvmk1zs4hv-SDL2-2.30.5-dev"
            }
          ],
          "store_path": "/nix/store/3x7x9dcbp6ky2d8pz0m5ivwahzxn69d9-SDL2-2.30.5"
        },
        "aarch64-linux": {
          "outputs": [
            {
              "name": "out",
              "path": "/nix/store/i8f5r1xg2zsdvxl0ij0z4p5hzpd25bpp-SDL2-2.30.5",
              "default": true
            },
            {
              "name": "dev",
              "path": "/nix/store/r6151pyr3v9jv46fw4zy8my65miv7j0x-SDL2-2.30.5-dev"
            }
          ],
          "store_path": "/nix/store/i8f5r1xg2zsdvxl0ij0z4p5hzpd25bpp-SDL2-2.30.5"
        },
        "x86_64-darwin": {
          "outputs": [
            {
              "name": "out",
              "path": "/nix/store/ylwmmawwhrkg6yz09j93m3lli5d6nhx3-SDL2-2.30.5",
              "default": true
            },
            {
              "name": "dev",
              "path": "/nix/store/j2x92vzqq0n27y109mg3cf1hvsw3adm9-SDL2-2.30.5-dev"
            }
          ],
          "store_path": "/nix/store/ylwmmawwhrkg6yz09j93m3lli5d6nhx3-SDL2-2.30.5"
        },
        "x86_64-linux": {
          "outputs": [
            {
              "name": "out",
              "path": "/nix/store/zpqh4ykgy5fz0pqq7d60y7c97prr4zwd-SDL2-2.30.5",
              "default": true
            },
            {
              "name": "dev",
              "path": "/nix/store/jm2fxw52wgnijgkdzwf6pfgrsy7l3sfb-SDL2-2.30.5-dev"
            }
          ],
          "store_path": "/nix/store/zpqh4ykgy5fz0pqq7d60y7c97prr4zwd-SDL2-2.30.5"
        }
      }
    },
    "binutils@latest": {
      "last_modified": "2024-08-14T11:41:26Z",
      "resolved": "github:NixOS/nixpkgs/0cb2fd7c59fed0cd82ef858cbcbdb552b9a33465#binutils",
      "source": "devbox-search",
      "version": "2.42",
      "systems": {
        "aarch64-darwin": {
          "outputs": [
            {
              "name": "out",
              "path": "/nix/store/l897djcijvlhhxgbg9psmjrf9zpd6lxi-binutils-wrapper-2.42",
              "default": true
            },
            {
              "name": "man",
              "path": "/nix/store/5s72jgl0pzfrh4mvmdcfggwack3xklfr-binutils-wrapper-2.42-man",
              "default": true
            },
            {
              "name": "info",
              "path": "/nix/store/qz2dqn4kzp3har5k9vssazamljfrkvnd-binutils-wrapper-2.42-info"
            }
          ],
          "store_path": "/nix/store/l897djcijvlhhxgbg9psmjrf9zpd6lxi-binutils-wrapper-2.42"
        },
        "aarch64-linux": {
          "outputs": [
            {
              "name": "out",
              "path": "/nix/store/6mx5y3dq6k829fhs7rpjw84yalvhhrrj-binutils-wrapper-2.42",
              "default": true
            },
            {
              "name": "man",
              "path": "/nix/store/pnmzbi53fa7mzf948iqrpajqygb5inh3-binutils-wrapper-2.42-man",
              "default": true
            },
            {
              "name": "info",
              "path": "/nix/store/6c86p48qm356s86yhgigcxn33ys3yrvr-binutils-wrapper-2.42-info"
            }
          ],
          "store_path": "/nix/store/6mx5y3dq6k829fhs7rpjw84yalvhhrrj-binutils-wrapper-2.42"
        },
        "x86_64-darwin": {
          "outputs": [
            {
              "name": "out",
              "path": "/nix/store/d2xylwpljksvvbr5gv4zqbbc4xxd1ypy-binutils-wrapper-2.42",
              "default": true
            },
            {
              "name": "man",
              "path": "/nix/store/i60a236ysqay0w2c7nkpkc6b7cxlw8bj-binutils-wrapper-2.42-man",
              "default": true
            },
            {
              "name": "info",
              "path": "/nix/store/79c6b336qzh7i24np1h6n2zpnsqcrb3a-binutils-wrapper-2.42-info"
            }
          ],
          "store_path": "/nix/store/d2xylwpljksvvbr5gv4zqbbc4xxd1ypy-binutils-wrapper-2.42"
        },
        "x86_64-linux": {
          "outputs": [
            {
              "name": "out",
              "path": "/nix/store/qrw9mznq4p1135k53aa5g9saz229srf4-binutils-wrapper-2.42",
              "default": true
            },
            {
              "name": "man",
              "path": "/nix/store/z1q57nh1j8s6h10d2ibpbplg6a4frky2-binutils-wrapper-2.42-man",
              "default": true
            },
            {
              "name": "info",
              "path": "/nix/store/mpnl7md0vwrbc5jrsxsb3w2qc2s0phcp-binutils-wrapper-2.42-info"
            }
          ],
          "store_path": "/nix/store/qrw9mznq4p1135k53aa5g9saz229srf4-binutils-wrapper-2.42"
        }
      }
    },
    "circt@1.72.0": {
      "last_modified": "2024-04-19T21:36:04Z",
      "resolved": "github:NixOS/nixpkgs/92d295f588631b0db2da509f381b4fb1e74173c5#circt",
      "source": "devbox-search",
      "version": "1.72.0",
      "systems": {
        "aarch64-darwin": {
          "outputs": [
            {
              "name": "out",
              "path": "/nix/store/rrjxbgx1l56yj9rlh6gzwl73qiqyjm2m-circt-1.72.0",
              "default": true
            },
            {
              "name": "dev",
              "path": "/nix/store/r7rz4cc39dfxwhsliwbgfq0zpkd8wbbi-circt-1.72.0-dev"
            },
            {
              "name": "lib",
              "path": "/nix/store/g425ccgv3v84rxwlbm1mmv30sc04ibx0-circt-1.72.0-lib"
            }
          ],
          "store_path": "/nix/store/rrjxbgx1l56yj9rlh6gzwl73qiqyjm2m-circt-1.72.0"
        },
        "aarch64-linux": {
          "outputs": [
            {
              "name": "out",
              "path": "/nix/store/1l4rjvxdw94bp1jjzwxp63x1pvj7ah2k-circt-1.72.0",
              "default": true
            },
            {
              "name": "dev",
              "path": "/nix/store/32883c85sffv123mq4dnrmd17z3hcli5-circt-1.72.0-dev"
            },
            {
              "name": "lib",
              "path": "/nix/store/p97ppp9h83fli49mhcc1xdhfy451a2b6-circt-1.72.0-lib"
            }
          ],
          "store_path": "/nix/store/1l4rjvxdw94bp1jjzwxp63x1pvj7ah2k-circt-1.72.0"
        },
        "x86_64-darwin": {
          "outputs": [
            {
              "name": "out",
              "path": "/nix/store/hrqh8dpmqyqfx31glx6q45fdjh8kprc0-circt-1.72.0",
              "default": true
            },
            {
              "name": "dev",
              "path": "/nix/store/kk0qnawj3v2g9zjji3myxzn6grj3z47c-circt-1.72.0-dev"
            },
            {
              "name": "lib",
              "path": "/nix/store/apj5vmrzpklwx7jsp6vwsllmyb8xwnxb-circt-1.72.0-lib"
            }
          ],
          "store_path": "/nix/store/hrqh8dpmqyqfx31glx6q45fdjh8kprc0-circt-1.72.0"
        },
        "x86_64-linux": {
          "outputs": [
            {
              "name": "out",
              "path": "/nix/store/702xij8gfz05vgbrg8q6z0lzb8gcf7sf-circt-1.72.0",
              "default": true
            },
            {
              "name": "lib",
              "path": "/nix/store/fp2w617l1h9yxzibwzxknb3bfgdi9gdl-circt-1.72.0-lib"
            },
            {
              "name": "dev",
              "path": "/nix/store/va92yxyk6v4svqpavdg1fapiavi3cnhc-circt-1.72.0-dev"
            }
          ],
          "store_path": "/nix/store/702xij8gfz05vgbrg8q6z0lzb8gcf7sf-circt-1.72.0"
        }
      }
    },
    "cmake@latest": {
      "last_modified": "2024-08-14T11:41:26Z",
      "resolved": "github:NixOS/nixpkgs/0cb2fd7c59fed0cd82ef858cbcbdb552b9a33465#cmake",
      "source": "devbox-search",
      "version": "3.29.6",
      "systems": {
        "aarch64-darwin": {
          "outputs": [
            {
              "name": "out",
              "path": "/nix/store/rv1sx6lj8x5ffik7vzy0m3w0a4ci6pnx-cmake-3.29.6",
              "default": true
            }
          ],
          "store_path": "/nix/store/rv1sx6lj8x5ffik7vzy0m3w0a4ci6pnx-cmake-3.29.6"
        },
        "aarch64-linux": {
          "outputs": [
            {
              "name": "out",
              "path": "/nix/store/32q6pfx3x4vwqz1dprqby7vrgqc4b17g-cmake-3.29.6",
              "default": true
            },
            {
              "name": "debug",
              "path": "/nix/store/w3ian4mqsy93986jrfsms1y8dswgl2j2-cmake-3.29.6-debug"
            }
          ],
          "store_path": "/nix/store/32q6pfx3x4vwqz1dprqby7vrgqc4b17g-cmake-3.29.6"
        },
        "x86_64-darwin": {
          "outputs": [
            {
              "name": "out",
              "path": "/nix/store/m0vbaf23y3sb0jz74xgf0q7i8688ac1k-cmake-3.29.6",
              "default": true
            }
          ],
          "store_path": "/nix/store/m0vbaf23y3sb0jz74xgf0q7i8688ac1k-cmake-3.29.6"
        },
        "x86_64-linux": {
          "outputs": [
            {
              "name": "out",
              "path": "/nix/store/sa1yjb7xxrzcbd1bysj3r561vidfxxvb-cmake-3.29.6",
              "default": true
            },
            {
              "name": "debug",
              "path": "/nix/store/s090zhjvkl3qmzgz1s0agw6fyknxnyb6-cmake-3.29.6-debug"
            }
          ],
          "store_path": "/nix/store/sa1yjb7xxrzcbd1bysj3r561vidfxxvb-cmake-3.29.6"
        }
      }
    },
    "espresso@latest": {
      "last_modified": "2024-08-14T11:41:26Z",
      "resolved": "github:NixOS/nixpkgs/0cb2fd7c59fed0cd82ef858cbcbdb552b9a33465#espresso",
      "source": "devbox-search",
      "version": "2.4",
      "systems": {
        "aarch64-darwin": {
          "outputs": [
            {
              "name": "out",
              "path": "/nix/store/ikw9p56c6dk9w02cwbpv6m1k9nrvfs71-espresso-2.4",
              "default": true
            },
            {
              "name": "man",
              "path": "/nix/store/nlgznzqb9kah6l3nc1hhfdy115bm4jg5-espresso-2.4-man",
              "default": true
            }
          ],
          "store_path": "/nix/store/ikw9p56c6dk9w02cwbpv6m1k9nrvfs71-espresso-2.4"
        },
        "aarch64-linux": {
          "outputs": [
            {
              "name": "out",
              "path": "/nix/store/wabal66dgm62pm339i8p232a2jgsafnx-espresso-2.4",
              "default": true
            },
            {
              "name": "man",
              "path": "/nix/store/pc2zch6sm5br9p104ynh060byl7by2zh-espresso-2.4-man",
              "default": true
            }
          ],
          "store_path": "/nix/store/wabal66dgm62pm339i8p232a2jgsafnx-espresso-2.4"
        },
        "x86_64-darwin": {
          "outputs": [
            {
              "name": "out",
              "path": "/nix/store/g9waf86hay5h5h634xgbg5005ilwg8xl-espresso-2.4",
              "default": true
            },
            {
              "name": "man",
              "path": "/nix/store/y1r3vsk9ax9h6pb73dfxf4v4qacri1wy-espresso-2.4-man",
              "default": true
            }
          ],
          "store_path": "/nix/store/g9waf86hay5h5h634xgbg5005ilwg8xl-espresso-2.4"
        },
        "x86_64-linux": {
          "outputs": [
            {
              "name": "out",
              "path": "/nix/store/1zn92w3pz5d82r21n338ghnjlqp543ng-espresso-2.4",
              "default": true
            },
            {
              "name": "man",
              "path": "/nix/store/2b9xd7a6yii079qqgkxgi2zqa4a52li3-espresso-2.4-man",
              "default": true
            }
          ],
          "store_path": "/nix/store/1zn92w3pz5d82r21n338ghnjlqp543ng-espresso-2.4"
        }
      }
    },
    "fish@latest": {
      "last_modified": "2024-08-14T11:41:26Z",
      "resolved": "github:NixOS/nixpkgs/0cb2fd7c59fed0cd82ef858cbcbdb552b9a33465#fish",
      "source": "devbox-search",
      "version": "3.7.1",
      "systems": {
        "aarch64-darwin": {
          "outputs": [
            {
              "name": "out",
              "path": "/nix/store/353zhlrmrdrcra463xk5vjhph7an3dg1-fish-3.7.1",
              "default": true
            },
            {
              "name": "doc",
              "path": "/nix/store/aqwkjw33ai16vy4mz0fala4i1k2lw641-fish-3.7.1-doc"
            }
          ],
          "store_path": "/nix/store/353zhlrmrdrcra463xk5vjhph7an3dg1-fish-3.7.1"
        },
        "aarch64-linux": {
          "outputs": [
            {
              "name": "out",
              "path": "/nix/store/9wwndbg5jjfpd8dbpxmif648nh64y8a9-fish-3.7.1",
              "default": true
            },
            {
              "name": "doc",
              "path": "/nix/store/m79sckw0jyx6b1cyzg2s379cq8hbbgjk-fish-3.7.1-doc"
            }
          ],
          "store_path": "/nix/store/9wwndbg5jjfpd8dbpxmif648nh64y8a9-fish-3.7.1"
        },
        "x86_64-darwin": {
          "outputs": [
            {
              "name": "out",
              "path": "/nix/store/iq29779w9rx02j02fd9vg7ymy1y5n8jp-fish-3.7.1",
              "default": true
            },
            {
              "name": "doc",
              "path": "/nix/store/ijb1qsrvrml56kmm7ic363gsg3xyybrp-fish-3.7.1-doc"
            }
          ],
          "store_path": "/nix/store/iq29779w9rx02j02fd9vg7ymy1y5n8jp-fish-3.7.1"
        },
        "x86_64-linux": {
          "outputs": [
            {
              "name": "out",
              "path": "/nix/store/lfjrj6q3ws7xgk58r0gscsppykq1s1b0-fish-3.7.1",
              "default": true
            },
            {
              "name": "doc",
              "path": "/nix/store/nl24mw80lyk6gxpdnx8bm61ybmcshgsd-fish-3.7.1-doc"
            }
          ],
          "store_path": "/nix/store/lfjrj6q3ws7xgk58r0gscsppykq1s1b0-fish-3.7.1"
        }
      }
    },
    "gcc@latest": {
      "last_modified": "2024-08-20T00:35:34Z",
      "resolved": "github:NixOS/nixpkgs/f02fa2f654c7bcc45f0e815c29d093da7f1245b4#gcc14",
      "source": "devbox-search",
      "version": "14.2.0",
      "systems": {
        "aarch64-darwin": {
          "outputs": [
            {
              "name": "out",
              "path": "/nix/store/1isp13qkjbfmwc3iwpaalbmff99jx2ss-gcc-wrapper-14.2.0",
              "default": true
            },
            {
              "name": "man",
              "path": "/nix/store/xpqdgdbz1la93j70dn6hyvvizcj4bvj1-gcc-wrapper-14.2.0-man",
              "default": true
            },
            {
              "name": "info",
              "path": "/nix/store/2296magwmhsl2i6lwv8yfdz8n9h133sp-gcc-wrapper-14.2.0-info"
            }
          ],
          "store_path": "/nix/store/1isp13qkjbfmwc3iwpaalbmff99jx2ss-gcc-wrapper-14.2.0"
        },
        "aarch64-linux": {
          "outputs": [
            {
              "name": "out",
              "path": "/nix/store/mnaajrkjs6qg4r83akwa48m4mqjsw623-gcc-wrapper-14.2.0",
              "default": true
            },
            {
              "name": "man",
              "path": "/nix/store/6jlj23h2dawdkmaspn7zhjjk90im44mk-gcc-wrapper-14.2.0-man",
              "default": true
            },
            {
              "name": "info",
              "path": "/nix/store/1jqflhhw4qnli5czwd5301idyz99yick-gcc-wrapper-14.2.0-info"
            }
          ],
          "store_path": "/nix/store/mnaajrkjs6qg4r83akwa48m4mqjsw623-gcc-wrapper-14.2.0"
        },
        "x86_64-darwin": {
          "outputs": [
            {
              "name": "out",
              "path": "/nix/store/5mgyccpq519mpw3sx9ywmkp4px9z1ivn-gcc-wrapper-14.2.0",
              "default": true
            },
            {
              "name": "man",
              "path": "/nix/store/ajh2rlvb3dkjfdqvws8gd1ppx39azqb1-gcc-wrapper-14.2.0-man",
              "default": true
            },
            {
              "name": "info",
              "path": "/nix/store/hhlbn2552py47x5n0f8jfh7j17f1fxpb-gcc-wrapper-14.2.0-info"
            }
          ],
          "store_path": "/nix/store/5mgyccpq519mpw3sx9ywmkp4px9z1ivn-gcc-wrapper-14.2.0"
        },
        "x86_64-linux": {
          "outputs": [
            {
              "name": "out",
              "path": "/nix/store/abjqnplaq64xfss8s71v1dnlgg316gc3-gcc-wrapper-14.2.0",
              "default": true
            },
            {
              "name": "man",
              "path": "/nix/store/vxljmd12c5n0ip0sd748k7h9in1nl9bi-gcc-wrapper-14.2.0-man",
              "default": true
            },
            {
              "name": "info",
              "path": "/nix/store/rv2villabhy3swnk2552nvkxdb3r48vi-gcc-wrapper-14.2.0-info"
            }
          ],
          "store_path": "/nix/store/abjqnplaq64xfss8s71v1dnlgg316gc3-gcc-wrapper-14.2.0"
        }
      }
    },
    "gnumake@latest": {
      "last_modified": "2024-08-27T08:49:48Z",
      "resolved": "github:NixOS/nixpkgs/a6292e34000dc93d43bccf78338770c1c5ec8a99#gnumake",
      "source": "devbox-search",
      "version": "4.4.1",
      "systems": {
        "aarch64-darwin": {
          "outputs": [
            {
              "name": "out",
              "path": "/nix/store/sz3m7krgqnb9cjd2qjd3grhls157sdwf-gnumake-4.4.1",
              "default": true
            },
            {
              "name": "man",
              "path": "/nix/store/6yi88bny7isqyr13vxnazy7ycg4m27zg-gnumake-4.4.1-man",
              "default": true
            },
            {
              "name": "info",
              "path": "/nix/store/qcwvg2pa29jrd227qmwjljncpzcp75gz-gnumake-4.4.1-info"
            }
          ],
          "store_path": "/nix/store/sz3m7krgqnb9cjd2qjd3grhls157sdwf-gnumake-4.4.1"
        },
        "aarch64-linux": {
          "outputs": [
            {
              "name": "out",
              "path": "/nix/store/zisc80m4vlwzvcl152fjyfprfdhnq1mc-gnumake-4.4.1",
              "default": true
            },
            {
              "name": "man",
              "path": "/nix/store/hqcwcnqi98k7npg5xqx88wzxf5fkcq6p-gnumake-4.4.1-man",
              "default": true
            },
            {
              "name": "info",
              "path": "/nix/store/j30jfdwlzd32hbr38s4r1649dv3mfznc-gnumake-4.4.1-info"
            },
            {
              "name": "debug",
              "path": "/nix/store/7x2v8w6s0sn2m9av2a8fd9rjpbdz2zhx-gnumake-4.4.1-debug"
            }
          ],
          "store_path": "/nix/store/zisc80m4vlwzvcl152fjyfprfdhnq1mc-gnumake-4.4.1"
        },
        "x86_64-darwin": {
          "outputs": [
            {
              "name": "out",
              "path": "/nix/store/smp8k999pchxy2igjmgp4xsa5p26zlic-gnumake-4.4.1",
              "default": true
            },
            {
              "name": "man",
              "path": "/nix/store/xil73ibrmx0l3wwgm0bzjncraywxbp5c-gnumake-4.4.1-man",
              "default": true
            },
            {
              "name": "info",
              "path": "/nix/store/0gv1wsnadpg2m1m5igz1wjagif7m8fzv-gnumake-4.4.1-info"
            }
          ],
          "store_path": "/nix/store/smp8k999pchxy2igjmgp4xsa5p26zlic-gnumake-4.4.1"
        },
        "x86_64-linux": {
          "outputs": [
            {
              "name": "out",
              "path": "/nix/store/z4g38z9kx48234vrgnqxkijk0bmm9jm5-gnumake-4.4.1",
              "default": true
            },
            {
              "name": "man",
              "path": "/nix/store/2hkypijajcr9nn20b3fkizz419b6fnc0-gnumake-4.4.1-man",
              "default": true
            },
            {
              "name": "info",
              "path": "/nix/store/zmicx4r6043zxcqxzrrzm7b429hhdyp5-gnumake-4.4.1-info"
            },
            {
              "name": "debug",
              "path": "/nix/store/ld4s0g2gwckka2851azkv9fqw2bwqpil-gnumake-4.4.1-debug"
            }
          ],
          "store_path": "/nix/store/z4g38z9kx48234vrgnqxkijk0bmm9jm5-gnumake-4.4.1"
        }
      }
    },
    "graalvm17-ce@latest": {
      "last_modified": "2023-09-27T18:02:17Z",
      "resolved": "github:NixOS/nixpkgs/517501bcf14ae6ec47efd6a17dda0ca8e6d866f9#graalvm17-ce",
      "source": "devbox-search",
      "version": "22.3.1",
      "systems": {
        "aarch64-darwin": {
          "outputs": [
            {
              "name": "out",
              "path": "/nix/store/4wh8kfpbm0z0syjgc1k7fkj9sfbrgkx3-graalvm17-ce-22.3.1",
              "default": true
            }
          ],
          "store_path": "/nix/store/4wh8kfpbm0z0syjgc1k7fkj9sfbrgkx3-graalvm17-ce-22.3.1"
        },
        "aarch64-linux": {
          "outputs": [
            {
              "name": "out",
              "path": "/nix/store/yqcp64sj1kpwx9z0bvha43ys0ipdp2bj-graalvm17-ce-22.3.1",
              "default": true
            }
          ],
          "store_path": "/nix/store/yqcp64sj1kpwx9z0bvha43ys0ipdp2bj-graalvm17-ce-22.3.1"
        },
        "x86_64-darwin": {
          "outputs": [
            {
              "name": "out",
              "path": "/nix/store/52wadcwpjqyq3ymgyzw819w02kkn5971-graalvm17-ce-22.3.1",
              "default": true
            }
          ],
          "store_path": "/nix/store/52wadcwpjqyq3ymgyzw819w02kkn5971-graalvm17-ce-22.3.1"
        },
        "x86_64-linux": {
          "outputs": [
            {
              "name": "out",
              "path": "/nix/store/i9rz6kivc49v38a7w6llhzv5bva85si8-graalvm17-ce-22.3.1",
              "default": true
            }
          ],
          "store_path": "/nix/store/i9rz6kivc49v38a7w6llhzv5bva85si8-graalvm17-ce-22.3.1"
        }
      }
    },
    "just@latest": {
      "last_modified": "2024-08-14T11:41:26Z",
      "resolved": "github:NixOS/nixpkgs/0cb2fd7c59fed0cd82ef858cbcbdb552b9a33465#just",
      "source": "devbox-search",
      "version": "1.34.0",
      "systems": {
        "aarch64-darwin": {
          "outputs": [
            {
              "name": "out",
              "path": "/nix/store/08vygg3xd2aqm83xh59831nv1jb9zwbn-just-1.34.0",
              "default": true
            },
            {
              "name": "man",
              "path": "/nix/store/c27cnsl7g7r3i4x29ghkb7hsg19kf2ra-just-1.34.0-man",
              "default": true
            },
            {
              "name": "doc",
              "path": "/nix/store/p192pn3sg4y6mvgsnfa5ppzza4dlnjvn-just-1.34.0-doc"
            }
          ],
          "store_path": "/nix/store/08vygg3xd2aqm83xh59831nv1jb9zwbn-just-1.34.0"
        },
        "aarch64-linux": {
          "outputs": [
            {
              "name": "out",
              "path": "/nix/store/4fdb8xib0m355wnalhndc4dpmxn07n6a-just-1.34.0",
              "default": true
            },
            {
              "name": "man",
              "path": "/nix/store/2ibb6n5zdglr9ad7dyzlihzlxg5ddzz9-just-1.34.0-man",
              "default": true
            },
            {
              "name": "doc",
              "path": "/nix/store/frwjg7x7x45b61988i4sfkpxgd6shvkl-just-1.34.0-doc"
            }
          ],
          "store_path": "/nix/store/4fdb8xib0m355wnalhndc4dpmxn07n6a-just-1.34.0"
        },
        "x86_64-darwin": {
          "outputs": [
            {
              "name": "out",
              "path": "/nix/store/fwdbjv9kwg1f7ilqqn9g3x65s3d8fpkd-just-1.34.0",
              "default": true
            },
            {
              "name": "man",
              "path": "/nix/store/9q42flcw5d5b02k12ihq8pky8a4mg06m-just-1.34.0-man",
              "default": true
            },
            {
              "name": "doc",
              "path": "/nix/store/mvvg8lw83pbmyp04wkwwpdar6xk9zqxh-just-1.34.0-doc"
            }
          ],
          "store_path": "/nix/store/fwdbjv9kwg1f7ilqqn9g3x65s3d8fpkd-just-1.34.0"
        },
        "x86_64-linux": {
          "outputs": [
            {
              "name": "out",
              "path": "/nix/store/7p3n0svlfnhc29qxv5j20mv2npmiaddm-just-1.34.0",
              "default": true
            },
            {
              "name": "man",
              "path": "/nix/store/mygqaq1rra2bq17p6r2jv1ziqsrk3vc1-just-1.34.0-man",
              "default": true
            },
            {
              "name": "doc",
              "path": "/nix/store/1md2lkndziz9qqvg20xm922jhj7sxlld-just-1.34.0-doc"
            }
          ],
          "store_path": "/nix/store/7p3n0svlfnhc29qxv5j20mv2npmiaddm-just-1.34.0"
        }
      }
    },
    "neovim@latest": {
      "last_modified": "2024-08-14T11:41:26Z",
      "resolved": "github:NixOS/nixpkgs/0cb2fd7c59fed0cd82ef858cbcbdb552b9a33465#neovim",
      "source": "devbox-search",
      "version": "0.10.1",
      "systems": {
        "aarch64-darwin": {
          "outputs": [
            {
              "name": "out",
              "path": "/nix/store/9rmllqx4vzgkr610l3xr7aandkna8b6p-neovim-0.10.1",
              "default": true
            }
          ],
          "store_path": "/nix/store/9rmllqx4vzgkr610l3xr7aandkna8b6p-neovim-0.10.1"
        },
        "aarch64-linux": {
          "outputs": [
            {
              "name": "out",
              "path": "/nix/store/saac7hz15421nrkql3y0jwqx0a3z7g4a-neovim-0.10.1",
              "default": true
            }
          ],
          "store_path": "/nix/store/saac7hz15421nrkql3y0jwqx0a3z7g4a-neovim-0.10.1"
        },
        "x86_64-darwin": {
          "outputs": [
            {
              "name": "out",
              "path": "/nix/store/vqcdqw6acn01c00wzjhbbhzbri1973yk-neovim-0.10.1",
              "default": true
            }
          ],
          "store_path": "/nix/store/vqcdqw6acn01c00wzjhbbhzbri1973yk-neovim-0.10.1"
        },
        "x86_64-linux": {
          "outputs": [
            {
              "name": "out",
              "path": "/nix/store/k5l8wnq3na7d2fzglhfq0zgv9w5giz9z-neovim-0.10.1",
              "default": true
            }
          ],
          "store_path": "/nix/store/k5l8wnq3na7d2fzglhfq0zgv9w5giz9z-neovim-0.10.1"
        }
      }
    },
    "python@3.10": {
      "last_modified": "2024-08-14T11:41:26Z",
      "plugin_version": "0.0.3",
      "resolved": "github:NixOS/nixpkgs/0cb2fd7c59fed0cd82ef858cbcbdb552b9a33465#python310",
      "source": "devbox-search",
      "version": "3.10.14",
      "systems": {
        "aarch64-darwin": {
          "outputs": [
            {
              "name": "out",
              "path": "/nix/store/1l73sya48bffkjv10rf7fcn3nvnz1zvl-python3-3.10.14",
              "default": true
            }
          ],
          "store_path": "/nix/store/1l73sya48bffkjv10rf7fcn3nvnz1zvl-python3-3.10.14"
        },
        "aarch64-linux": {
          "outputs": [
            {
              "name": "out",
              "path": "/nix/store/fa9jr4mkdnmn0m5f41yzwx8qba7mmzsz-python3-3.10.14",
              "default": true
            },
            {
              "name": "debug",
              "path": "/nix/store/zccb88kbi1scvs2rqkza6b81j3vw1sia-python3-3.10.14-debug"
            }
          ],
          "store_path": "/nix/store/fa9jr4mkdnmn0m5f41yzwx8qba7mmzsz-python3-3.10.14"
        },
        "x86_64-darwin": {
          "outputs": [
            {
              "name": "out",
              "path": "/nix/store/ys3fwrmrh00gw5nyr27a693hz4593sn2-python3-3.10.14",
              "default": true
            }
          ],
          "store_path": "/nix/store/ys3fwrmrh00gw5nyr27a693hz4593sn2-python3-3.10.14"
        },
        "x86_64-linux": {
          "outputs": [
            {
              "name": "out",
              "path": "/nix/store/25j36x4pjsn1sr3597gppa7sdn2c2v0n-python3-3.10.14",
              "default": true
            },
            {
              "name": "debug",
              "path": "/nix/store/k5p6bi63nzhydp2srm86kzsky8arwyfm-python3-3.10.14-debug"
            }
          ],
          "store_path": "/nix/store/25j36x4pjsn1sr3597gppa7sdn2c2v0n-python3-3.10.14"
        }
      }
    },
    "unzip@latest": {
      "last_modified": "2024-08-14T11:41:26Z",
      "resolved": "github:NixOS/nixpkgs/0cb2fd7c59fed0cd82ef858cbcbdb552b9a33465#unzip",
      "source": "devbox-search",
      "version": "6.0",
      "systems": {
        "aarch64-darwin": {
          "outputs": [
            {
              "name": "out",
              "path": "/nix/store/wz5qs7mj2bqvg7ghx209g7ljkhm64ndm-unzip-6.0",
              "default": true
            }
          ],
          "store_path": "/nix/store/wz5qs7mj2bqvg7ghx209g7ljkhm64ndm-unzip-6.0"
        },
        "aarch64-linux": {
          "outputs": [
            {
              "name": "out",
              "path": "/nix/store/facpdixh1xliz8apr33mlg0wpvgn1z2b-unzip-6.0",
              "default": true
            }
          ],
          "store_path": "/nix/store/facpdixh1xliz8apr33mlg0wpvgn1z2b-unzip-6.0"
        },
        "x86_64-darwin": {
          "outputs": [
            {
              "name": "out",
              "path": "/nix/store/xg02ghjd573mys10xcqhcsmws72w8035-unzip-6.0",
              "default": true
            }
          ],
          "store_path": "/nix/store/xg02ghjd573mys10xcqhcsmws72w8035-unzip-6.0"
        },
        "x86_64-linux": {
          "outputs": [
            {
              "name": "out",
              "path": "/nix/store/ybvzn6gwhxxi77bvswi94qd5cyicqycp-unzip-6.0",
              "default": true
            }
          ],
          "store_path": "/nix/store/ybvzn6gwhxxi77bvswi94qd5cyicqycp-unzip-6.0"
        }
      }
    },
    "verilator@latest": {
      "last_modified": "2024-08-14T11:41:26Z",
      "resolved": "github:NixOS/nixpkgs/0cb2fd7c59fed0cd82ef858cbcbdb552b9a33465#verilator",
      "source": "devbox-search",
      "version": "5.026",
      "systems": {
        "aarch64-darwin": {
          "outputs": [
            {
              "name": "out",
              "path": "/nix/store/ms01g816zqanymcdc856ibv6rpb9x3ij-verilator-5.026",
              "default": true
            }
          ],
          "store_path": "/nix/store/ms01g816zqanymcdc856ibv6rpb9x3ij-verilator-5.026"
        },
        "aarch64-linux": {
          "outputs": [
            {
              "name": "out",
              "path": "/nix/store/czncjpc80vrxnyrjv9nad0gn24bfm1hw-verilator-5.026",
              "default": true
            }
          ],
          "store_path": "/nix/store/czncjpc80vrxnyrjv9nad0gn24bfm1hw-verilator-5.026"
        },
        "x86_64-darwin": {
          "outputs": [
            {
              "name": "out",
              "path": "/nix/store/swh7zxsp835043zbip4y678ylb9mr9ay-verilator-5.026",
              "default": true
            }
          ],
          "store_path": "/nix/store/swh7zxsp835043zbip4y678ylb9mr9ay-verilator-5.026"
        },
        "x86_64-linux": {
          "outputs": [
            {
              "name": "out",
              "path": "/nix/store/ibmvmdy6my3d9xkyfjzmadpinm5clkx3-verilator-5.026",
              "default": true
            }
          ],
          "store_path": "/nix/store/ibmvmdy6my3d9xkyfjzmadpinm5clkx3-verilator-5.026"
        }
      }
    },
    "xmake@latest": {
      "last_modified": "2024-08-14T11:41:26Z",
      "resolved": "github:NixOS/nixpkgs/0cb2fd7c59fed0cd82ef858cbcbdb552b9a33465#xmake",
      "source": "devbox-search",
      "version": "2.9.4",
      "systems": {
        "aarch64-linux": {
          "outputs": [
            {
              "name": "out",
              "path": "/nix/store/6vrfs1jd8mfq9liqwl3dbnxwpdgjkj1v-xmake-2.9.4",
              "default": true
            }
          ],
          "store_path": "/nix/store/6vrfs1jd8mfq9liqwl3dbnxwpdgjkj1v-xmake-2.9.4"
        },
        "x86_64-linux": {
          "outputs": [
            {
              "name": "out",
              "path": "/nix/store/hqi81pj74af74kwsp2dw8z85kmfkvz7v-xmake-2.9.4",
              "default": true
            }
          ],
          "store_path": "/nix/store/hqi81pj74af74kwsp2dw8z85kmfkvz7v-xmake-2.9.4"
        }
      }
    },
    "xz@latest": {
      "last_modified": "2024-08-23T06:49:21Z",
      "resolved": "github:NixOS/nixpkgs/ae815cee91b417be55d43781eb4b73ae1ecc396c#xz",
      "source": "devbox-search",
      "version": "5.6.2",
      "systems": {
        "aarch64-darwin": {
          "outputs": [
            {
              "name": "bin",
              "path": "/nix/store/1hzkclva8yyanqi5097vm65kpxvwzl31-xz-5.6.2-bin",
              "default": true
            },
            {
              "name": "man",
              "path": "/nix/store/7k7j5a4z5mfhm4c78sk1i0cnddqb9dkk-xz-5.6.2-man",
              "default": true
            },
            {
              "name": "dev",
              "path": "/nix/store/7affl9fmry918ga3n0a24lvsj9l296pm-xz-5.6.2-dev"
            },
            {
              "name": "doc",
              "path": "/nix/store/cxmkd4ijx6g5igrn95iln7q0wl0g79zc-xz-5.6.2-doc"
            },
            {
              "name": "out",
              "path": "/nix/store/nlnxqdhphs35201rhb48mkd5lnsgchg2-xz-5.6.2"
            }
          ],
          "store_path": "/nix/store/1hzkclva8yyanqi5097vm65kpxvwzl31-xz-5.6.2-bin"
        },
        "aarch64-linux": {
          "outputs": [
            {
              "name": "bin",
              "path": "/nix/store/3ggxxxgnpizqx4dnlkfq9dag17l05bhn-xz-5.6.2-bin",
              "default": true
            },
            {
              "name": "man",
              "path": "/nix/store/0f5x9gbasa61w0ski4ga3l8mpc9rv5p4-xz-5.6.2-man",
              "default": true
            },
            {
              "name": "dev",
              "path": "/nix/store/03kiiz8qkq90964axs116kkixr5lgy3c-xz-5.6.2-dev"
            },
            {
              "name": "doc",
              "path": "/nix/store/fg2v36knr1gqgnzvp84vh9fxjc8d1cv3-xz-5.6.2-doc"
            },
            {
              "name": "out",
              "path": "/nix/store/slrgg5qflwfzir0i3y6l7d9a3srp40xr-xz-5.6.2"
            }
          ],
          "store_path": "/nix/store/3ggxxxgnpizqx4dnlkfq9dag17l05bhn-xz-5.6.2-bin"
        },
        "x86_64-darwin": {
          "outputs": [
            {
              "name": "bin",
              "path": "/nix/store/b1s4bxhc4drlmknxir0gngg16x4iq3nq-xz-5.6.2-bin",
              "default": true
            },
            {
              "name": "man",
              "path": "/nix/store/1k6xm5x8blsjyqwaq2nn2c40fdyrqmvg-xz-5.6.2-man",
              "default": true
            },
            {
              "name": "dev",
              "path": "/nix/store/n7l0kryzsy8yfdnkq781znmixcc7byhw-xz-5.6.2-dev"
            },
            {
              "name": "doc",
              "path": "/nix/store/7lb9asksgpdvfq2j95riny17fqbxhqcm-xz-5.6.2-doc"
            },
            {
              "name": "out",
              "path": "/nix/store/9wwqqdikfsmbkdjjfipz045a56yhl24r-xz-5.6.2"
            }
          ],
          "store_path": "/nix/store/b1s4bxhc4drlmknxir0gngg16x4iq3nq-xz-5.6.2-bin"
        },
        "x86_64-linux": {
          "outputs": [
            {
              "name": "bin",
              "path": "/nix/store/1idcyg3ldcggjzfznb5klr7b2wa1vznf-xz-5.6.2-bin",
              "default": true
            },
            {
              "name": "man",
              "path": "/nix/store/67awlp65plgmpsimrap986rkzj7ilfsh-xz-5.6.2-man",
              "default": true
            },
            {
              "name": "doc",
              "path": "/nix/store/grh4vsk00if7hd39xllr30f16xgsnwl3-xz-5.6.2-doc"
            },
            {
              "name": "out",
              "path": "/nix/store/z6mr5r2qs297lj8jy2vfy2p8qnsjy3sf-xz-5.6.2"
            },
            {
              "name": "dev",
              "path": "/nix/store/cihr7fgsz2inmkng85bz6l8z7r6s54fh-xz-5.6.2-dev"
            }
          ],
          "store_path": "/nix/store/1idcyg3ldcggjzfznb5klr7b2wa1vznf-xz-5.6.2-bin"
        }
      }
    },
    "zlib.dev": {
      "resolved": "github:NixOS/nixpkgs/75a52265bda7fd25e06e3a67dee3f0354e73243c#zlib.dev",
      "source": "nixpkg",
      "systems": {
        "x86_64-linux": {
          "outputs": [
            {
              "name": "dev",
              "path": "/nix/store/686lhcz4bwg3wk09pi1xxjgzbxv7ys5q-zlib-1.3-dev",
              "default": true
            }
          ]
        }
      }
    },
    "zlib@latest": {
      "last_modified": "2024-08-23T06:49:21Z",
      "resolved": "github:NixOS/nixpkgs/ae815cee91b417be55d43781eb4b73ae1ecc396c#zlib",
      "source": "devbox-search",
      "version": "1.3.1",
      "systems": {
        "aarch64-darwin": {
          "outputs": [
            {
              "name": "out",
              "path": "/nix/store/y1wp3g6pibvvfjbh5f2k4h2rn140sd1w-zlib-1.3.1",
              "default": true
            },
            {
              "name": "dev",
              "path": "/nix/store/vb7baj6dq2mvynfh6zmwxz57w83h7w0q-zlib-1.3.1-dev"
            },
            {
              "name": "static",
              "path": "/nix/store/l621w7wwvfzmkpnz6r8pyhzmsf6idmh3-zlib-1.3.1-static"
            }
          ],
          "store_path": "/nix/store/y1wp3g6pibvvfjbh5f2k4h2rn140sd1w-zlib-1.3.1"
        },
        "aarch64-linux": {
          "outputs": [
            {
              "name": "out",
              "path": "/nix/store/w3jrrwjizbqwn9v6qbpifhcpk037s1l2-zlib-1.3.1",
              "default": true
            },
            {
              "name": "dev",
              "path": "/nix/store/d5m3k8f9ld1ggpj0raycq8zay8avhv6c-zlib-1.3.1-dev"
            },
            {
              "name": "static",
              "path": "/nix/store/70ixzfj7zg1r5d8rmx0fkp98w62p7xhq-zlib-1.3.1-static"
            }
          ],
          "store_path": "/nix/store/w3jrrwjizbqwn9v6qbpifhcpk037s1l2-zlib-1.3.1"
        },
        "x86_64-darwin": {
          "outputs": [
            {
              "name": "out",
              "path": "/nix/store/y2asf4aahv0idia8p9wbph4rdd1713c8-zlib-1.3.1",
              "default": true
            },
            {
              "name": "dev",
              "path": "/nix/store/z3wma573hv6jsdh4zfk494821yz0blj8-zlib-1.3.1-dev"
            },
            {
              "name": "static",
              "path": "/nix/store/az00hxdxgbw4zja36aa5gj5vfxhjya8k-zlib-1.3.1-static"
            }
          ],
          "store_path": "/nix/store/y2asf4aahv0idia8p9wbph4rdd1713c8-zlib-1.3.1"
        },
        "x86_64-linux": {
          "outputs": [
            {
              "name": "out",
              "path": "/nix/store/zm7nh67qxgyski4j23vyd993kbmw3248-zlib-1.3.1",
              "default": true
            },
            {
              "name": "dev",
              "path": "/nix/store/vsygj2vzwqr9x7rzq4v3prcv2blkggmx-zlib-1.3.1-dev"
            },
            {
              "name": "static",
              "path": "/nix/store/1bk8p0n0vnz7bzqb62g42pc3c13vjvyq-zlib-1.3.1-static"
            }
          ],
          "store_path": "/nix/store/zm7nh67qxgyski4j23vyd993kbmw3248-zlib-1.3.1"
        }
      }
    }
  }
}
